
Microsoft Visual Studio Solution File, Format Version 12.00
# Visual Studio 15
VisualStudioVersion = 15.0.27130.2020
MinimumVisualStudioVersion = 10.0.40219.1
Project("{8BC9CEB8-8B4A-11D0-8D11-00A0C91BC942}") = "Assginmet 05", "Assginmet 05\Assginmet 05.vcxproj", "{861D50C5-1E0E-439A-B771-DF38621218D9}"
EndProject
Global
	GlobalSection(SolutionConfigurationPlatforms) = preSolution
		Debug|x64 = Debug|x64
		Debug|x86 = Debug|x86
		Release|x64 = Release|x64
		Release|x86 = Release|x86
	EndGlobalSection
	GlobalSection(ProjectConfigurationPlatforms) = postSolution
		{861D50C5-1E0E-439A-B771-DF38621218D9}.Debug|x64.ActiveCfg = Debug|x64
		{861D50C5-1E0E-439A-B771-DF38621218D9}.Debug|x64.Build.0 = Debug|x64
		{861D50C5-1E0E-439A-B771-DF38621218D9}.Debug|x86.ActiveCfg = Debug|Win32
		{861D50C5-1E0E-439A-B771-DF38621218D9}.Debug|x86.Build.0 = Debug|Win32
		{861D50C5-1E0E-439A-B771-DF38621218D9}.Release|x64.ActiveCfg = Release|x64
		{861D50C5-1E0E-439A-B771-DF38621218D9}.Release|x64.Build.0 = Release|x64
		{861D50C5-1E0E-439A-B771-DF38621218D9}.Release|x86.ActiveCfg = Release|Win32
		{861D50C5-1E0E-439A-B771-DF38621218D9}.Release|x86.Build.0 = Release|Win32
	EndGlobalSection
	GlobalSection(SolutionProperties) = preSolution
		HideSolutionNode = FALSE
	EndGlobalSection
	GlobalSection(ExtensibilityGlobals) = postSolution
		SolutionGuid = {015B902E-6B7D-4116-9372-BEA3EECA9D16}
	EndGlobalSection
EndGlobal
